// !$*UTF8*$!
{
	archiveVersion = 1;
	classes = {
	};
	objectVersion = 60;
	objects = {

/* Begin PBXBuildFile section */
		012C3068226FD13B00BADEF9 /* AppDelegate.swift in Sources */ = {isa = PBXBuildFile; fileRef = 012C3067226FD13B00BADEF9 /* AppDelegate.swift */; };
		012C306D226FD13B00BADEF9 /* Main.storyboard in Resources */ = {isa = PBXBuildFile; fileRef = 012C306B226FD13B00BADEF9 /* Main.storyboard */; };
		012C3072226FD13B00BADEF9 /* LaunchScreen.storyboard in Resources */ = {isa = PBXBuildFile; fileRef = 012C3070226FD13B00BADEF9 /* LaunchScreen.storyboard */; };
		1459BBE82AD9861500DE0F42 /* (null) in Resources */ = {isa = PBXBuildFile; };
		1466012D2ADA514700D7926D /* OpenUWB in Frameworks */ = {isa = PBXBuildFile; productRef = 1466012C2ADA514700D7926D /* OpenUWB */; };
		1466012F2ADA515400D7926D /* OpenUWB in Frameworks */ = {isa = PBXBuildFile; productRef = 1466012E2ADA515400D7926D /* OpenUWB */; };
		14E9688E2ADA56F500F354BF /* Assets.xcassets in Resources */ = {isa = PBXBuildFile; fileRef = 14E9688D2ADA56F500F354BF /* Assets.xcassets */; };
		14EF50CE2AD94FCF000FFC9E /* OpenUWBDemoWatchApp.swift in Sources */ = {isa = PBXBuildFile; fileRef = 14EF50CD2AD94FCF000FFC9E /* OpenUWBDemoWatchApp.swift */; };
		14EF50D02AD94FCF000FFC9E /* ContentView.swift in Sources */ = {isa = PBXBuildFile; fileRef = 14EF50CF2AD94FCF000FFC9E /* ContentView.swift */; };
		14EF50D22AD94FD1000FFC9E /* Assets.xcassets in Resources */ = {isa = PBXBuildFile; fileRef = 14EF50D12AD94FD1000FFC9E /* Assets.xcassets */; };
		14EF50D52AD94FD1000FFC9E /* Preview Assets.xcassets in Resources */ = {isa = PBXBuildFile; fileRef = 14EF50D42AD94FD1000FFC9E /* Preview Assets.xcassets */; };
		14EF50D82AD94FD1000FFC9E /* OpenUWBDemoWatch.app in Embed Watch Content */ = {isa = PBXBuildFile; fileRef = 14EF50CB2AD94FCF000FFC9E /* OpenUWBDemoWatch.app */; settings = {ATTRIBUTES = (RemoveHeadersOnCopy, ); }; };
		3A5E19872606CD0000837A4A /* AccessoryDemoViewController.swift in Sources */ = {isa = PBXBuildFile; fileRef = 3A5E19862606CD0000837A4A /* AccessoryDemoViewController.swift */; };
		3A5E19892606CE4B00837A4A /* NearbyInteraction.framework in Frameworks */ = {isa = PBXBuildFile; fileRef = 3A5E19882606CE4B00837A4A /* NearbyInteraction.framework */; };
		3A5E198B2606CE5000837A4A /* CoreBluetooth.framework in Frameworks */ = {isa = PBXBuildFile; fileRef = 3A5E198A2606CE5000837A4A /* CoreBluetooth.framework */; };
		A9A7C756227E1D6200F2CC59 /* README.md in Resources */ = {isa = PBXBuildFile; fileRef = A9A7C755227E1D6200F2CC59 /* README.md */; };
/* End PBXBuildFile section */

/* Begin PBXContainerItemProxy section */
		14EF50D62AD94FD1000FFC9E /* PBXContainerItemProxy */ = {
			isa = PBXContainerItemProxy;
			containerPortal = 012C305C226FD13B00BADEF9 /* Project object */;
			proxyType = 1;
			remoteGlobalIDString = 14EF50CA2AD94FCF000FFC9E;
			remoteInfo = OpenUWBDemoWatch;
		};
/* End PBXContainerItemProxy section */

/* Begin PBXCopyFilesBuildPhase section */
		14EF50D92AD94FD1000FFC9E /* Embed Watch Content */ = {
			isa = PBXCopyFilesBuildPhase;
			buildActionMask = 2147483647;
			dstPath = "$(CONTENTS_FOLDER_PATH)/Watch";
			dstSubfolderSpec = 16;
			files = (
				14EF50D82AD94FD1000FFC9E /* OpenUWBDemoWatch.app in Embed Watch Content */,
			);
			name = "Embed Watch Content";
			runOnlyForDeploymentPostprocessing = 0;
		};
/* End PBXCopyFilesBuildPhase section */

/* Begin PBXFileReference section */
		012C3064226FD13B00BADEF9 /* OpenUWBDemo.app */ = {isa = PBXFileReference; explicitFileType = wrapper.application; includeInIndex = 0; path = OpenUWBDemo.app; sourceTree = BUILT_PRODUCTS_DIR; };
		012C3067226FD13B00BADEF9 /* AppDelegate.swift */ = {isa = PBXFileReference; lastKnownFileType = sourcecode.swift; path = AppDelegate.swift; sourceTree = "<group>"; };
		012C306C226FD13B00BADEF9 /* Base */ = {isa = PBXFileReference; lastKnownFileType = file.storyboard; name = Base; path = Base.lproj/Main.storyboard; sourceTree = "<group>"; };
		012C3071226FD13B00BADEF9 /* Base */ = {isa = PBXFileReference; lastKnownFileType = file.storyboard; name = Base; path = Base.lproj/LaunchScreen.storyboard; sourceTree = "<group>"; };
		14E9688C2ADA532A00F354BF /* LICENSE.txt */ = {isa = PBXFileReference; lastKnownFileType = text; path = LICENSE.txt; sourceTree = "<group>"; };
		14E9688D2ADA56F500F354BF /* Assets.xcassets */ = {isa = PBXFileReference; lastKnownFileType = folder.assetcatalog; path = Assets.xcassets; sourceTree = "<group>"; };
		14EF50CB2AD94FCF000FFC9E /* OpenUWBDemoWatch.app */ = {isa = PBXFileReference; explicitFileType = wrapper.application; includeInIndex = 0; path = OpenUWBDemoWatch.app; sourceTree = BUILT_PRODUCTS_DIR; };
		14EF50CD2AD94FCF000FFC9E /* OpenUWBDemoWatchApp.swift */ = {isa = PBXFileReference; lastKnownFileType = sourcecode.swift; path = OpenUWBDemoWatchApp.swift; sourceTree = "<group>"; };
		14EF50CF2AD94FCF000FFC9E /* ContentView.swift */ = {isa = PBXFileReference; lastKnownFileType = sourcecode.swift; path = ContentView.swift; sourceTree = "<group>"; };
		14EF50D12AD94FD1000FFC9E /* Assets.xcassets */ = {isa = PBXFileReference; lastKnownFileType = folder.assetcatalog; path = Assets.xcassets; sourceTree = "<group>"; };
		14EF50D42AD94FD1000FFC9E /* Preview Assets.xcassets */ = {isa = PBXFileReference; lastKnownFileType = folder.assetcatalog; path = "Preview Assets.xcassets"; sourceTree = "<group>"; };
		3A5E19862606CD0000837A4A /* AccessoryDemoViewController.swift */ = {isa = PBXFileReference; lastKnownFileType = sourcecode.swift; path = AccessoryDemoViewController.swift; sourceTree = "<group>"; };
		3A5E19882606CE4B00837A4A /* NearbyInteraction.framework */ = {isa = PBXFileReference; lastKnownFileType = wrapper.framework; name = NearbyInteraction.framework; path = Platforms/iPhoneOS.platform/Developer/SDKs/iPhoneOS15.0.Internal.sdk/System/Library/Frameworks/NearbyInteraction.framework; sourceTree = DEVELOPER_DIR; };
		3A5E198A2606CE5000837A4A /* CoreBluetooth.framework */ = {isa = PBXFileReference; lastKnownFileType = wrapper.framework; name = CoreBluetooth.framework; path = Platforms/iPhoneOS.platform/Developer/SDKs/iPhoneOS15.0.Internal.sdk/System/Library/Frameworks/CoreBluetooth.framework; sourceTree = DEVELOPER_DIR; };
		88E2F282E2613DBD2D34BAAB /* SampleCode.xcconfig */ = {isa = PBXFileReference; lastKnownFileType = text.xcconfig; name = SampleCode.xcconfig; path = Configuration/SampleCode.xcconfig; sourceTree = "<group>"; };
		A9A7C755227E1D6200F2CC59 /* README.md */ = {isa = PBXFileReference; fileEncoding = 4; lastKnownFileType = net.daringfireball.markdown; path = README.md; sourceTree = "<group>"; };
/* End PBXFileReference section */

/* Begin PBXFrameworksBuildPhase section */
		012C3061226FD13B00BADEF9 /* Frameworks */ = {
			isa = PBXFrameworksBuildPhase;
			buildActionMask = 2147483647;
			files = (
				1466012D2ADA514700D7926D /* OpenUWB in Frameworks */,
				3A5E198B2606CE5000837A4A /* CoreBluetooth.framework in Frameworks */,
				3A5E19892606CE4B00837A4A /* NearbyInteraction.framework in Frameworks */,
			);
			runOnlyForDeploymentPostprocessing = 0;
		};
		14EF50C82AD94FCF000FFC9E /* Frameworks */ = {
			isa = PBXFrameworksBuildPhase;
			buildActionMask = 2147483647;
			files = (
				1466012F2ADA515400D7926D /* OpenUWB in Frameworks */,
			);
			runOnlyForDeploymentPostprocessing = 0;
		};
/* End PBXFrameworksBuildPhase section */

/* Begin PBXGroup section */
		012C305B226FD13B00BADEF9 = {
			isa = PBXGroup;
			children = (
				14E9688C2ADA532A00F354BF /* LICENSE.txt */,
				A9A7C755227E1D6200F2CC59 /* README.md */,
				012C3066226FD13B00BADEF9 /* OpenUWBDemo */,
				14EF50CC2AD94FCF000FFC9E /* OpenUWBDemoWatch */,
				012C3065226FD13B00BADEF9 /* Products */,
				A9FCEFA62293634C008CC0CF /* Frameworks */,
				D0887E186C8C54F49A98DFAD /* Configuration */,
				1F942FA9F35A69853BA0FD5F /* Configuration */,
			);
			sourceTree = "<group>";
		};
		012C3065226FD13B00BADEF9 /* Products */ = {
			isa = PBXGroup;
			children = (
				012C3064226FD13B00BADEF9 /* OpenUWBDemo.app */,
				14EF50CB2AD94FCF000FFC9E /* OpenUWBDemoWatch.app */,
			);
			name = Products;
			sourceTree = "<group>";
		};
		012C3066226FD13B00BADEF9 /* OpenUWBDemo */ = {
			isa = PBXGroup;
			children = (
				012C3067226FD13B00BADEF9 /* AppDelegate.swift */,
				3A5E19862606CD0000837A4A /* AccessoryDemoViewController.swift */,
				012C306B226FD13B00BADEF9 /* Main.storyboard */,
				012C3070226FD13B00BADEF9 /* LaunchScreen.storyboard */,
				14E9688D2ADA56F500F354BF /* Assets.xcassets */,
			);
			path = OpenUWBDemo;
			sourceTree = "<group>";
		};
		14EF50CC2AD94FCF000FFC9E /* OpenUWBDemoWatch */ = {
			isa = PBXGroup;
			children = (
				14EF50CD2AD94FCF000FFC9E /* OpenUWBDemoWatchApp.swift */,
				14EF50CF2AD94FCF000FFC9E /* ContentView.swift */,
				14EF50D12AD94FD1000FFC9E /* Assets.xcassets */,
				14EF50D32AD94FD1000FFC9E /* Preview Content */,
			);
			path = OpenUWBDemoWatch;
			sourceTree = "<group>";
		};
		14EF50D32AD94FD1000FFC9E /* Preview Content */ = {
			isa = PBXGroup;
			children = (
				14EF50D42AD94FD1000FFC9E /* Preview Assets.xcassets */,
			);
			path = "Preview Content";
			sourceTree = "<group>";
		};
		1F942FA9F35A69853BA0FD5F /* Configuration */ = {
			isa = PBXGroup;
			children = (
				88E2F282E2613DBD2D34BAAB /* SampleCode.xcconfig */,
			);
			name = Configuration;
			sourceTree = "<group>";
		};
		A9FCEFA62293634C008CC0CF /* Frameworks */ = {
			isa = PBXGroup;
			children = (
				3A5E198A2606CE5000837A4A /* CoreBluetooth.framework */,
				3A5E19882606CE4B00837A4A /* NearbyInteraction.framework */,
			);
			name = Frameworks;
			sourceTree = "<group>";
		};
		D0887E186C8C54F49A98DFAD /* Configuration */ = {
			isa = PBXGroup;
			children = (
			);
			name = Configuration;
			sourceTree = "<group>";
		};
/* End PBXGroup section */

/* Begin PBXNativeTarget section */
		012C3063226FD13B00BADEF9 /* OpenUWBDemo */ = {
			isa = PBXNativeTarget;
			buildConfigurationList = 012C3076226FD13B00BADEF9 /* Build configuration list for PBXNativeTarget "OpenUWBDemo" */;
			buildPhases = (
				012C3060226FD13B00BADEF9 /* Sources */,
				012C3061226FD13B00BADEF9 /* Frameworks */,
				012C3062226FD13B00BADEF9 /* Resources */,
				14EF50D92AD94FD1000FFC9E /* Embed Watch Content */,
			);
			buildRules = (
			);
			dependencies = (
				14EF50D72AD94FD1000FFC9E /* PBXTargetDependency */,
			);
			name = OpenUWBDemo;
			packageProductDependencies = (
				1466012C2ADA514700D7926D /* OpenUWB */,
			);
			productName = BTLETransfer;
			productReference = 012C3064226FD13B00BADEF9 /* OpenUWBDemo.app */;
			productType = "com.apple.product-type.application";
		};
		14EF50CA2AD94FCF000FFC9E /* OpenUWBDemoWatch */ = {
			isa = PBXNativeTarget;
			buildConfigurationList = 14EF50DC2AD94FD1000FFC9E /* Build configuration list for PBXNativeTarget "OpenUWBDemoWatch" */;
			buildPhases = (
				14EF50C72AD94FCF000FFC9E /* Sources */,
				14EF50C82AD94FCF000FFC9E /* Frameworks */,
				14EF50C92AD94FCF000FFC9E /* Resources */,
			);
			buildRules = (
			);
			dependencies = (
			);
			name = OpenUWBDemoWatch;
			packageProductDependencies = (
				1466012E2ADA515400D7926D /* OpenUWB */,
			);
			productName = OpenUWBDemoWatch;
			productReference = 14EF50CB2AD94FCF000FFC9E /* OpenUWBDemoWatch.app */;
			productType = "com.apple.product-type.application";
		};
/* End PBXNativeTarget section */

/* Begin PBXProject section */
		012C305C226FD13B00BADEF9 /* Project object */ = {
			isa = PBXProject;
			attributes = {
				BuildIndependentTargetsInParallel = YES;
				DefaultBuildSystemTypeForWorkspace = Latest;
				LastSwiftUpdateCheck = 1500;
				LastUpgradeCheck = 1500;
				ORGANIZATIONNAME = Apple;
				TargetAttributes = {
					012C3063226FD13B00BADEF9 = {
						CreatedOnToolsVersion = 10.1;
						LastSwiftMigration = 1110;
					};
					14EF50CA2AD94FCF000FFC9E = {
						CreatedOnToolsVersion = 15.0;
					};
				};
			};
			buildConfigurationList = 012C305F226FD13B00BADEF9 /* Build configuration list for PBXProject "OpenUWBDemo" */;
			compatibilityVersion = "Xcode 9.3";
			developmentRegion = en;
			hasScannedForEncodings = 0;
			knownRegions = (
				en,
				Base,
			);
			mainGroup = 012C305B226FD13B00BADEF9;
			packageReferences = (
				14EF51082AD953AB000FFC9E /* XCLocalSwiftPackageReference "../OpenUWB" */,
			);
			productRefGroup = 012C3065226FD13B00BADEF9 /* Products */;
			projectDirPath = "";
			projectRoot = "";
			targets = (
				012C3063226FD13B00BADEF9 /* OpenUWBDemo */,
				14EF50CA2AD94FCF000FFC9E /* OpenUWBDemoWatch */,
			);
		};
/* End PBXProject section */

/* Begin PBXResourcesBuildPhase section */
		012C3062226FD13B00BADEF9 /* Resources */ = {
			isa = PBXResourcesBuildPhase;
			buildActionMask = 2147483647;
			files = (
				012C3072226FD13B00BADEF9 /* LaunchScreen.storyboard in Resources */,
				A9A7C756227E1D6200F2CC59 /* README.md in Resources */,
				1459BBE82AD9861500DE0F42 /* (null) in Resources */,
				012C306D226FD13B00BADEF9 /* Main.storyboard in Resources */,
				14E9688E2ADA56F500F354BF /* Assets.xcassets in Resources */,
			);
			runOnlyForDeploymentPostprocessing = 0;
		};
		14EF50C92AD94FCF000FFC9E /* Resources */ = {
			isa = PBXResourcesBuildPhase;
			buildActionMask = 2147483647;
			files = (
				14EF50D52AD94FD1000FFC9E /* Preview Assets.xcassets in Resources */,
				14EF50D22AD94FD1000FFC9E /* Assets.xcassets in Resources */,
			);
			runOnlyForDeploymentPostprocessing = 0;
		};
/* End PBXResourcesBuildPhase section */

/* Begin PBXSourcesBuildPhase section */
		012C3060226FD13B00BADEF9 /* Sources */ = {
			isa = PBXSourcesBuildPhase;
			buildActionMask = 2147483647;
			files = (
				3A5E19872606CD0000837A4A /* AccessoryDemoViewController.swift in Sources */,
				012C3068226FD13B00BADEF9 /* AppDelegate.swift in Sources */,
			);
			runOnlyForDeploymentPostprocessing = 0;
		};
		14EF50C72AD94FCF000FFC9E /* Sources */ = {
			isa = PBXSourcesBuildPhase;
			buildActionMask = 2147483647;
			files = (
				14EF50D02AD94FCF000FFC9E /* ContentView.swift in Sources */,
				14EF50CE2AD94FCF000FFC9E /* OpenUWBDemoWatchApp.swift in Sources */,
			);
			runOnlyForDeploymentPostprocessing = 0;
		};
/* End PBXSourcesBuildPhase section */

/* Begin PBXTargetDependency section */
		14EF50D72AD94FD1000FFC9E /* PBXTargetDependency */ = {
			isa = PBXTargetDependency;
			target = 14EF50CA2AD94FCF000FFC9E /* OpenUWBDemoWatch */;
			targetProxy = 14EF50D62AD94FD1000FFC9E /* PBXContainerItemProxy */;
		};
/* End PBXTargetDependency section */

/* Begin PBXVariantGroup section */
		012C306B226FD13B00BADEF9 /* Main.storyboard */ = {
			isa = PBXVariantGroup;
			children = (
				012C306C226FD13B00BADEF9 /* Base */,
			);
			name = Main.storyboard;
			sourceTree = "<group>";
		};
		012C3070226FD13B00BADEF9 /* LaunchScreen.storyboard */ = {
			isa = PBXVariantGroup;
			children = (
				012C3071226FD13B00BADEF9 /* Base */,
			);
			name = LaunchScreen.storyboard;
			sourceTree = "<group>";
		};
/* End PBXVariantGroup section */

/* Begin XCBuildConfiguration section */
		012C3074226FD13B00BADEF9 /* Debug */ = {
			isa = XCBuildConfiguration;
			baseConfigurationReference = 88E2F282E2613DBD2D34BAAB /* SampleCode.xcconfig */;
			buildSettings = {
				ALWAYS_SEARCH_USER_PATHS = NO;
				CLANG_ANALYZER_NONNULL = YES;
				CLANG_ANALYZER_NUMBER_OBJECT_CONVERSION = YES_AGGRESSIVE;
				CLANG_CXX_LANGUAGE_STANDARD = "gnu++14";
				CLANG_CXX_LIBRARY = "libc++";
				CLANG_ENABLE_MODULES = YES;
				CLANG_ENABLE_OBJC_ARC = YES;
				CLANG_ENABLE_OBJC_WEAK = YES;
				CLANG_WARN_BLOCK_CAPTURE_AUTORELEASING = YES;
				CLANG_WARN_BOOL_CONVERSION = YES;
				CLANG_WARN_COMMA = YES;
				CLANG_WARN_CONSTANT_CONVERSION = YES;
				CLANG_WARN_DEPRECATED_OBJC_IMPLEMENTATIONS = YES;
				CLANG_WARN_DIRECT_OBJC_ISA_USAGE = YES_ERROR;
				CLANG_WARN_DOCUMENTATION_COMMENTS = YES;
				CLANG_WARN_EMPTY_BODY = YES;
				CLANG_WARN_ENUM_CONVERSION = YES;
				CLANG_WARN_INFINITE_RECURSION = YES;
				CLANG_WARN_INT_CONVERSION = YES;
				CLANG_WARN_NON_LITERAL_NULL_CONVERSION = YES;
				CLANG_WARN_OBJC_IMPLICIT_RETAIN_SELF = YES;
				CLANG_WARN_OBJC_LITERAL_CONVERSION = YES;
				CLANG_WARN_OBJC_ROOT_CLASS = YES_ERROR;
				CLANG_WARN_QUOTED_INCLUDE_IN_FRAMEWORK_HEADER = YES;
				CLANG_WARN_RANGE_LOOP_ANALYSIS = YES;
				CLANG_WARN_STRICT_PROTOTYPES = YES;
				CLANG_WARN_SUSPICIOUS_MOVE = YES;
				CLANG_WARN_UNGUARDED_AVAILABILITY = YES_AGGRESSIVE;
				CLANG_WARN_UNREACHABLE_CODE = YES;
				CLANG_WARN__DUPLICATE_METHOD_MATCH = YES;
				CODE_SIGN_IDENTITY = "iPhone Developer";
				COPY_PHASE_STRIP = NO;
				DEBUG_INFORMATION_FORMAT = dwarf;
				ENABLE_STRICT_OBJC_MSGSEND = YES;
				ENABLE_TESTABILITY = YES;
				GCC_C_LANGUAGE_STANDARD = gnu11;
				GCC_DYNAMIC_NO_PIC = NO;
				GCC_NO_COMMON_BLOCKS = YES;
				GCC_OPTIMIZATION_LEVEL = 0;
				GCC_PREPROCESSOR_DEFINITIONS = (
					"DEBUG=1",
					"$(inherited)",
				);
				GCC_WARN_64_TO_32_BIT_CONVERSION = YES;
				GCC_WARN_ABOUT_RETURN_TYPE = YES_ERROR;
				GCC_WARN_UNDECLARED_SELECTOR = YES;
				GCC_WARN_UNINITIALIZED_AUTOS = YES_AGGRESSIVE;
				GCC_WARN_UNUSED_FUNCTION = YES;
				GCC_WARN_UNUSED_VARIABLE = YES;
				IPHONEOS_DEPLOYMENT_TARGET = 12.1;
				MTL_ENABLE_DEBUG_INFO = INCLUDE_SOURCE;
				MTL_FAST_MATH = YES;
				ONLY_ACTIVE_ARCH = YES;
				SDKROOT = iphoneos;
				SWIFT_ACTIVE_COMPILATION_CONDITIONS = DEBUG;
				SWIFT_OPTIMIZATION_LEVEL = "-Onone";
			};
			name = Debug;
		};
		012C3075226FD13B00BADEF9 /* Release */ = {
			isa = XCBuildConfiguration;
			baseConfigurationReference = 88E2F282E2613DBD2D34BAAB /* SampleCode.xcconfig */;
			buildSettings = {
				ALWAYS_SEARCH_USER_PATHS = NO;
				CLANG_ANALYZER_NONNULL = YES;
				CLANG_ANALYZER_NUMBER_OBJECT_CONVERSION = YES_AGGRESSIVE;
				CLANG_CXX_LANGUAGE_STANDARD = "gnu++14";
				CLANG_CXX_LIBRARY = "libc++";
				CLANG_ENABLE_MODULES = YES;
				CLANG_ENABLE_OBJC_ARC = YES;
				CLANG_ENABLE_OBJC_WEAK = YES;
				CLANG_WARN_BLOCK_CAPTURE_AUTORELEASING = YES;
				CLANG_WARN_BOOL_CONVERSION = YES;
				CLANG_WARN_COMMA = YES;
				CLANG_WARN_CONSTANT_CONVERSION = YES;
				CLANG_WARN_DEPRECATED_OBJC_IMPLEMENTATIONS = YES;
				CLANG_WARN_DIRECT_OBJC_ISA_USAGE = YES_ERROR;
				CLANG_WARN_DOCUMENTATION_COMMENTS = YES;
				CLANG_WARN_EMPTY_BODY = YES;
				CLANG_WARN_ENUM_CONVERSION = YES;
				CLANG_WARN_INFINITE_RECURSION = YES;
				CLANG_WARN_INT_CONVERSION = YES;
				CLANG_WARN_NON_LITERAL_NULL_CONVERSION = YES;
				CLANG_WARN_OBJC_IMPLICIT_RETAIN_SELF = YES;
				CLANG_WARN_OBJC_LITERAL_CONVERSION = YES;
				CLANG_WARN_OBJC_ROOT_CLASS = YES_ERROR;
				CLANG_WARN_QUOTED_INCLUDE_IN_FRAMEWORK_HEADER = YES;
				CLANG_WARN_RANGE_LOOP_ANALYSIS = YES;
				CLANG_WARN_STRICT_PROTOTYPES = YES;
				CLANG_WARN_SUSPICIOUS_MOVE = YES;
				CLANG_WARN_UNGUARDED_AVAILABILITY = YES_AGGRESSIVE;
				CLANG_WARN_UNREACHABLE_CODE = YES;
				CLANG_WARN__DUPLICATE_METHOD_MATCH = YES;
				CODE_SIGN_IDENTITY = "iPhone Developer";
				COPY_PHASE_STRIP = NO;
				DEBUG_INFORMATION_FORMAT = "dwarf-with-dsym";
				ENABLE_NS_ASSERTIONS = NO;
				ENABLE_STRICT_OBJC_MSGSEND = YES;
				GCC_C_LANGUAGE_STANDARD = gnu11;
				GCC_NO_COMMON_BLOCKS = YES;
				GCC_WARN_64_TO_32_BIT_CONVERSION = YES;
				GCC_WARN_ABOUT_RETURN_TYPE = YES_ERROR;
				GCC_WARN_UNDECLARED_SELECTOR = YES;
				GCC_WARN_UNINITIALIZED_AUTOS = YES_AGGRESSIVE;
				GCC_WARN_UNUSED_FUNCTION = YES;
				GCC_WARN_UNUSED_VARIABLE = YES;
				IPHONEOS_DEPLOYMENT_TARGET = 12.1;
				MTL_ENABLE_DEBUG_INFO = NO;
				MTL_FAST_MATH = YES;
				SDKROOT = iphoneos;
				SWIFT_COMPILATION_MODE = wholemodule;
				SWIFT_OPTIMIZATION_LEVEL = "-O";
				VALIDATE_PRODUCT = YES;
			};
			name = Release;
		};
		012C3077226FD13B00BADEF9 /* Debug */ = {
			isa = XCBuildConfiguration;
			baseConfigurationReference = 88E2F282E2613DBD2D34BAAB /* SampleCode.xcconfig */;
			buildSettings = {
				ALWAYS_EMBED_SWIFT_STANDARD_LIBRARIES = YES;
				ASSETCATALOG_COMPILER_APPICON_NAME = AppIcon;
				CODE_SIGN_IDENTITY = "iPhone Developer";
				CODE_SIGN_STYLE = Automatic;
				DEVELOPMENT_TEAM = DWAPE69HXP;
				INFOPLIST_FILE = OpenUWBDemo/Info.plist;
				IPHONEOS_DEPLOYMENT_TARGET = 15.0;
				LD_RUNPATH_SEARCH_PATHS = (
					"$(inherited)",
					"@executable_path/Frameworks",
				);
				PRODUCT_BUNDLE_IDENTIFIER = "name.beutner.OpenUWBDemo${SAMPLE_CODE_DISAMBIGUATOR}";
				"PRODUCT_BUNDLE_IDENTIFIER[sdk=iphoneos*]" = name.beutner.OpenUWBDemoDWAPE69HXP;
				PRODUCT_NAME = "$(TARGET_NAME)";
				PROVISIONING_PROFILE_SPECIFIER = "";
				SDKROOT = iphoneos;
				SWIFT_VERSION = 5.0;
				TARGETED_DEVICE_FAMILY = 1;
			};
			name = Debug;
		};
		012C3078226FD13B00BADEF9 /* Release */ = {
			isa = XCBuildConfiguration;
			baseConfigurationReference = 88E2F282E2613DBD2D34BAAB /* SampleCode.xcconfig */;
			buildSettings = {
				ALWAYS_EMBED_SWIFT_STANDARD_LIBRARIES = YES;
				ASSETCATALOG_COMPILER_APPICON_NAME = AppIcon;
				CODE_SIGN_IDENTITY = "iPhone Developer";
				CODE_SIGN_STYLE = Automatic;
				DEVELOPMENT_TEAM = DWAPE69HXP;
				INFOPLIST_FILE = OpenUWBDemo/Info.plist;
				IPHONEOS_DEPLOYMENT_TARGET = 15.0;
				LD_RUNPATH_SEARCH_PATHS = (
					"$(inherited)",
					"@executable_path/Frameworks",
				);
				PRODUCT_BUNDLE_IDENTIFIER = "name.beutner.OpenUWBDemo${SAMPLE_CODE_DISAMBIGUATOR}";
				"PRODUCT_BUNDLE_IDENTIFIER[sdk=iphoneos*]" = name.beutner.OpenUWBDemoDWAPE69HXP;
				PRODUCT_NAME = "$(TARGET_NAME)";
				PROVISIONING_PROFILE_SPECIFIER = "";
				SDKROOT = iphoneos;
				SWIFT_VERSION = 5.0;
				TARGETED_DEVICE_FAMILY = 1;
			};
			name = Release;
		};
		14EF50DA2AD94FD1000FFC9E /* Debug */ = {
			isa = XCBuildConfiguration;
			buildSettings = {
				ASSETCATALOG_COMPILER_APPICON_NAME = AppIcon;
				ASSETCATALOG_COMPILER_GENERATE_SWIFT_ASSET_SYMBOL_EXTENSIONS = YES;
				ASSETCATALOG_COMPILER_GLOBAL_ACCENT_COLOR_NAME = AccentColor;
				CLANG_CXX_LANGUAGE_STANDARD = "gnu++20";
				CODE_SIGN_IDENTITY = "iPhone Developer";
				CODE_SIGN_STYLE = Automatic;
				CURRENT_PROJECT_VERSION = 1;
				DEVELOPMENT_ASSET_PATHS = "\"OpenUWBDemoWatch/Preview Content\"";
				DEVELOPMENT_TEAM = DWAPE69HXP;
				ENABLE_PREVIEWS = YES;
				ENABLE_USER_SCRIPT_SANDBOXING = YES;
				GCC_C_LANGUAGE_STANDARD = gnu17;
				GENERATE_INFOPLIST_FILE = YES;
				INFOPLIST_FILE = OpenUWBDemoWatch/Info.plist;
				INFOPLIST_KEY_CFBundleDisplayName = OpenUWBDemoWatch;
				INFOPLIST_KEY_UISupportedInterfaceOrientations = "UIInterfaceOrientationPortrait UIInterfaceOrientationPortraitUpsideDown";
				INFOPLIST_KEY_WKCompanionAppBundleIdentifier = name.beutner.OpenUWBDemoDWAPE69HXP;
				LD_RUNPATH_SEARCH_PATHS = (
					"$(inherited)",
					"@executable_path/Frameworks",
				);
				LOCALIZATION_PREFERS_STRING_CATALOGS = YES;
				MARKETING_VERSION = 1.0;
				PRODUCT_BUNDLE_IDENTIFIER = name.beutner.OpenUWBDemoDWAPE69HXP.watchkitapp;
				PRODUCT_NAME = "$(TARGET_NAME)";
				SDKROOT = watchos;
				SKIP_INSTALL = YES;
				SWIFT_ACTIVE_COMPILATION_CONDITIONS = "DEBUG $(inherited)";
				SWIFT_EMIT_LOC_STRINGS = YES;
				SWIFT_VERSION = 5.0;
				TARGETED_DEVICE_FAMILY = 4;
				WATCHOS_DEPLOYMENT_TARGET = 10.0;
			};
			name = Debug;
		};
		14EF50DB2AD94FD1000FFC9E /* Release */ = {
			isa = XCBuildConfiguration;
			buildSettings = {
				ASSETCATALOG_COMPILER_APPICON_NAME = AppIcon;
				ASSETCATALOG_COMPILER_GENERATE_SWIFT_ASSET_SYMBOL_EXTENSIONS = YES;
				ASSETCATALOG_COMPILER_GLOBAL_ACCENT_COLOR_NAME = AccentColor;
				CLANG_CXX_LANGUAGE_STANDARD = "gnu++20";
				CODE_SIGN_IDENTITY = "iPhone Developer";
				CODE_SIGN_STYLE = Automatic;
				CURRENT_PROJECT_VERSION = 1;
				DEVELOPMENT_ASSET_PATHS = "\"OpenUWBDemoWatch/Preview Content\"";
				DEVELOPMENT_TEAM = DWAPE69HXP;
				ENABLE_PREVIEWS = YES;
				ENABLE_USER_SCRIPT_SANDBOXING = YES;
				GCC_C_LANGUAGE_STANDARD = gnu17;
				GENERATE_INFOPLIST_FILE = YES;
				INFOPLIST_FILE = OpenUWBDemoWatch/Info.plist;
				INFOPLIST_KEY_CFBundleDisplayName = OpenUWBDemoWatch;
				INFOPLIST_KEY_UISupportedInterfaceOrientations = "UIInterfaceOrientationPortrait UIInterfaceOrientationPortraitUpsideDown";
				INFOPLIST_KEY_WKCompanionAppBundleIdentifier = name.beutner.OpenUWBDemoDWAPE69HXP;
				LD_RUNPATH_SEARCH_PATHS = (
					"$(inherited)",
					"@executable_path/Frameworks",
				);
				LOCALIZATION_PREFERS_STRING_CATALOGS = YES;
				MARKETING_VERSION = 1.0;
				PRODUCT_BUNDLE_IDENTIFIER = name.beutner.OpenUWBDemoDWAPE69HXP.watchkitapp;
				PRODUCT_NAME = "$(TARGET_NAME)";
				SDKROOT = watchos;
				SKIP_INSTALL = YES;
				SWIFT_EMIT_LOC_STRINGS = YES;
				SWIFT_VERSION = 5.0;
				TARGETED_DEVICE_FAMILY = 4;
				WATCHOS_DEPLOYMENT_TARGET = 10.0;
			};
			name = Release;
		};
/* End XCBuildConfiguration section */

/* Begin XCConfigurationList section */
		012C305F226FD13B00BADEF9 /* Build configuration list for PBXProject "OpenUWBDemo" */ = {
			isa = XCConfigurationList;
			buildConfigurations = (
				012C3074226FD13B00BADEF9 /* Debug */,
				012C3075226FD13B00BADEF9 /* Release */,
			);
			defaultConfigurationIsVisible = 0;
			defaultConfigurationName = Release;
		};
		012C3076226FD13B00BADEF9 /* Build configuration list for PBXNativeTarget "OpenUWBDemo" */ = {
			isa = XCConfigurationList;
			buildConfigurations = (
				012C3077226FD13B00BADEF9 /* Debug */,
				012C3078226FD13B00BADEF9 /* Release */,
			);
			defaultConfigurationIsVisible = 0;
			defaultConfigurationName = Release;
		};
		14EF50DC2AD94FD1000FFC9E /* Build configuration list for PBXNativeTarget "OpenUWBDemoWatch" */ = {
			isa = XCConfigurationList;
			buildConfigurations = (
				14EF50DA2AD94FD1000FFC9E /* Debug */,
				14EF50DB2AD94FD1000FFC9E /* Release */,
			);
			defaultConfigurationIsVisible = 0;
			defaultConfigurationName = Release;
		};
/* End XCConfigurationList section */

/* Begin XCLocalSwiftPackageReference section */
		14EF51082AD953AB000FFC9E /* XCLocalSwiftPackageReference "../OpenUWB" */ = {
			isa = XCLocalSwiftPackageReference;
			relativePath = ../OpenUWB;
		};
/* End XCLocalSwiftPackageReference section */

/* Begin XCSwiftPackageProductDependency section */
		1466012C2ADA514700D7926D /* OpenUWB */ = {
			isa = XCSwiftPackageProductDependency;
			package = 14EF51082AD953AB000FFC9E /* XCLocalSwiftPackageReference "../OpenUWB" */;
			productName = OpenUWB;
		};
		1466012E2ADA515400D7926D /* OpenUWB */ = {
			isa = XCSwiftPackageProductDependency;
			package = 14EF51082AD953AB000FFC9E /* XCLocalSwiftPackageReference "../OpenUWB" */;
			productName = OpenUWB;
		};
/* End XCSwiftPackageProductDependency section */
	};
	rootObject = 012C305C226FD13B00BADEF9 /* Project object */;
}
